// !$*UTF8*$!
{
	archiveVersion = 1;
	classes = {
	};
	objectVersion = 56;
	objects = {

/* Begin PBXBuildFile section */
		630403912B60BFDF00948EBA /* ScrumAppApp.swift in Sources */ = {isa = PBXBuildFile; fileRef = 630403902B60BFDF00948EBA /* ScrumAppApp.swift */; };
		630403932B60BFDF00948EBA /* MeetingView.swift in Sources */ = {isa = PBXBuildFile; fileRef = 630403922B60BFDF00948EBA /* MeetingView.swift */; };
		630403952B60BFDF00948EBA /* Item.swift in Sources */ = {isa = PBXBuildFile; fileRef = 630403942B60BFDF00948EBA /* Item.swift */; };
		630403972B60BFE200948EBA /* Assets.xcassets in Resources */ = {isa = PBXBuildFile; fileRef = 630403962B60BFE200948EBA /* Assets.xcassets */; };
		6304039A2B60BFE200948EBA /* Preview Assets.xcassets in Resources */ = {isa = PBXBuildFile; fileRef = 630403992B60BFE200948EBA /* Preview Assets.xcassets */; };
		630403A42B60BFE200948EBA /* ScrumAppTests.swift in Sources */ = {isa = PBXBuildFile; fileRef = 630403A32B60BFE200948EBA /* ScrumAppTests.swift */; };
		630403AE2B60BFE200948EBA /* ScrumAppUITests.swift in Sources */ = {isa = PBXBuildFile; fileRef = 630403AD2B60BFE200948EBA /* ScrumAppUITests.swift */; };
		630403B02B60BFE200948EBA /* ScrumAppUITestsLaunchTests.swift in Sources */ = {isa = PBXBuildFile; fileRef = 630403AF2B60BFE200948EBA /* ScrumAppUITestsLaunchTests.swift */; };
		630403BE2B60C3BC00948EBA /* Theme.swift in Sources */ = {isa = PBXBuildFile; fileRef = 630403BD2B60C3BC00948EBA /* Theme.swift */; };
		630403C02B60C40000948EBA /* DailyScrum.swift in Sources */ = {isa = PBXBuildFile; fileRef = 630403BF2B60C40000948EBA /* DailyScrum.swift */; };
		630403C22B60C44100948EBA /* CardView.swift in Sources */ = {isa = PBXBuildFile; fileRef = 630403C12B60C44100948EBA /* CardView.swift */; };
		630403C42B60C6C400948EBA /* TrailingIconLabelStyle.swift in Sources */ = {isa = PBXBuildFile; fileRef = 630403C32B60C6C400948EBA /* TrailingIconLabelStyle.swift */; };
		630403C62B60C81B00948EBA /* ScrumsView.swift in Sources */ = {isa = PBXBuildFile; fileRef = 630403C52B60C81B00948EBA /* ScrumsView.swift */; };
		630403C82B60CD2900948EBA /* DetailView.swift in Sources */ = {isa = PBXBuildFile; fileRef = 630403C72B60CD2900948EBA /* DetailView.swift */; };
		630403CA2B60D96200948EBA /* DetailEditView.swift in Sources */ = {isa = PBXBuildFile; fileRef = 630403C92B60D96200948EBA /* DetailEditView.swift */; };
		630403CC2B60E05000948EBA /* ThemeView.swift in Sources */ = {isa = PBXBuildFile; fileRef = 630403CB2B60E05000948EBA /* ThemeView.swift */; };
		630403CE2B60E10E00948EBA /* ThemePicker.swift in Sources */ = {isa = PBXBuildFile; fileRef = 630403CD2B60E10E00948EBA /* ThemePicker.swift */; };
/* End PBXBuildFile section */

/* Begin PBXContainerItemProxy section */
		630403A02B60BFE200948EBA /* PBXContainerItemProxy */ = {
			isa = PBXContainerItemProxy;
			containerPortal = 630403852B60BFDF00948EBA /* Project object */;
			proxyType = 1;
			remoteGlobalIDString = 6304038C2B60BFDF00948EBA;
			remoteInfo = ScrumApp;
		};
		630403AA2B60BFE200948EBA /* PBXContainerItemProxy */ = {
			isa = PBXContainerItemProxy;
			containerPortal = 630403852B60BFDF00948EBA /* Project object */;
			proxyType = 1;
			remoteGlobalIDString = 6304038C2B60BFDF00948EBA;
			remoteInfo = ScrumApp;
		};
/* End PBXContainerItemProxy section */

/* Begin PBXFileReference section */
		6304038D2B60BFDF00948EBA /* ScrumApp.app */ = {isa = PBXFileReference; explicitFileType = wrapper.application; includeInIndex = 0; path = ScrumApp.app; sourceTree = BUILT_PRODUCTS_DIR; };
		630403902B60BFDF00948EBA /* ScrumAppApp.swift */ = {isa = PBXFileReference; lastKnownFileType = sourcecode.swift; path = ScrumAppApp.swift; sourceTree = "<group>"; };
		630403922B60BFDF00948EBA /* MeetingView.swift */ = {isa = PBXFileReference; lastKnownFileType = sourcecode.swift; path = MeetingView.swift; sourceTree = "<group>"; };
		630403942B60BFDF00948EBA /* Item.swift */ = {isa = PBXFileReference; lastKnownFileType = sourcecode.swift; path = Item.swift; sourceTree = "<group>"; };
		630403962B60BFE200948EBA /* Assets.xcassets */ = {isa = PBXFileReference; lastKnownFileType = folder.assetcatalog; path = Assets.xcassets; sourceTree = "<group>"; };
		630403992B60BFE200948EBA /* Preview Assets.xcassets */ = {isa = PBXFileReference; lastKnownFileType = folder.assetcatalog; path = "Preview Assets.xcassets"; sourceTree = "<group>"; };
		6304039F2B60BFE200948EBA /* ScrumAppTests.xctest */ = {isa = PBXFileReference; explicitFileType = wrapper.cfbundle; includeInIndex = 0; path = ScrumAppTests.xctest; sourceTree = BUILT_PRODUCTS_DIR; };
		630403A32B60BFE200948EBA /* ScrumAppTests.swift */ = {isa = PBXFileReference; lastKnownFileType = sourcecode.swift; path = ScrumAppTests.swift; sourceTree = "<group>"; };
		630403A92B60BFE200948EBA /* ScrumAppUITests.xctest */ = {isa = PBXFileReference; explicitFileType = wrapper.cfbundle; includeInIndex = 0; path = ScrumAppUITests.xctest; sourceTree = BUILT_PRODUCTS_DIR; };
		630403AD2B60BFE200948EBA /* ScrumAppUITests.swift */ = {isa = PBXFileReference; lastKnownFileType = sourcecode.swift; path = ScrumAppUITests.swift; sourceTree = "<group>"; };
		630403AF2B60BFE200948EBA /* ScrumAppUITestsLaunchTests.swift */ = {isa = PBXFileReference; lastKnownFileType = sourcecode.swift; path = ScrumAppUITestsLaunchTests.swift; sourceTree = "<group>"; };
		630403BD2B60C3BC00948EBA /* Theme.swift */ = {isa = PBXFileReference; lastKnownFileType = sourcecode.swift; path = Theme.swift; sourceTree = "<group>"; };
		630403BF2B60C40000948EBA /* DailyScrum.swift */ = {isa = PBXFileReference; lastKnownFileType = sourcecode.swift; path = DailyScrum.swift; sourceTree = "<group>"; };
		630403C12B60C44100948EBA /* CardView.swift */ = {isa = PBXFileReference; lastKnownFileType = sourcecode.swift; path = CardView.swift; sourceTree = "<group>"; };
		630403C32B60C6C400948EBA /* TrailingIconLabelStyle.swift */ = {isa = PBXFileReference; lastKnownFileType = sourcecode.swift; path = TrailingIconLabelStyle.swift; sourceTree = "<group>"; };
		630403C52B60C81B00948EBA /* ScrumsView.swift */ = {isa = PBXFileReference; lastKnownFileType = sourcecode.swift; path = ScrumsView.swift; sourceTree = "<group>"; };
		630403C72B60CD2900948EBA /* DetailView.swift */ = {isa = PBXFileReference; lastKnownFileType = sourcecode.swift; path = DetailView.swift; sourceTree = "<group>"; };
		630403C92B60D96200948EBA /* DetailEditView.swift */ = {isa = PBXFileReference; lastKnownFileType = sourcecode.swift; path = DetailEditView.swift; sourceTree = "<group>"; };
		630403CB2B60E05000948EBA /* ThemeView.swift */ = {isa = PBXFileReference; lastKnownFileType = sourcecode.swift; path = ThemeView.swift; sourceTree = "<group>"; };
		630403CD2B60E10E00948EBA /* ThemePicker.swift */ = {isa = PBXFileReference; lastKnownFileType = sourcecode.swift; path = ThemePicker.swift; sourceTree = "<group>"; };
/* End PBXFileReference section */

/* Begin PBXFrameworksBuildPhase section */
		6304038A2B60BFDF00948EBA /* Frameworks */ = {
			isa = PBXFrameworksBuildPhase;
			buildActionMask = 2147483647;
			files = (
			);
			runOnlyForDeploymentPostprocessing = 0;
		};
		6304039C2B60BFE200948EBA /* Frameworks */ = {
			isa = PBXFrameworksBuildPhase;
			buildActionMask = 2147483647;
			files = (
			);
			runOnlyForDeploymentPostprocessing = 0;
		};
		630403A62B60BFE200948EBA /* Frameworks */ = {
			isa = PBXFrameworksBuildPhase;
			buildActionMask = 2147483647;
			files = (
			);
			runOnlyForDeploymentPostprocessing = 0;
		};
/* End PBXFrameworksBuildPhase section */

/* Begin PBXGroup section */
		630403842B60BFDF00948EBA = {
			isa = PBXGroup;
			children = (
				6304038F2B60BFDF00948EBA /* ScrumApp */,
				630403A22B60BFE200948EBA /* ScrumAppTests */,
				630403AC2B60BFE200948EBA /* ScrumAppUITests */,
				6304038E2B60BFDF00948EBA /* Products */,
			);
			sourceTree = "<group>";
		};
		6304038E2B60BFDF00948EBA /* Products */ = {
			isa = PBXGroup;
			children = (
				6304038D2B60BFDF00948EBA /* ScrumApp.app */,
				6304039F2B60BFE200948EBA /* ScrumAppTests.xctest */,
				630403A92B60BFE200948EBA /* ScrumAppUITests.xctest */,
			);
			name = Products;
			sourceTree = "<group>";
		};
		6304038F2B60BFDF00948EBA /* ScrumApp */ = {
			isa = PBXGroup;
			children = (
				630403BC2B60C38E00948EBA /* Models */,
				630403902B60BFDF00948EBA /* ScrumAppApp.swift */,
				630403C52B60C81B00948EBA /* ScrumsView.swift */,
				630403C72B60CD2900948EBA /* DetailView.swift */,
				630403922B60BFDF00948EBA /* MeetingView.swift */,
				630403C12B60C44100948EBA /* CardView.swift */,
				630403C32B60C6C400948EBA /* TrailingIconLabelStyle.swift */,
				630403942B60BFDF00948EBA /* Item.swift */,
				630403962B60BFE200948EBA /* Assets.xcassets */,
				630403982B60BFE200948EBA /* Preview Content */,
				630403C92B60D96200948EBA /* DetailEditView.swift */,
				630403CB2B60E05000948EBA /* ThemeView.swift */,
				630403CD2B60E10E00948EBA /* ThemePicker.swift */,
			);
			path = ScrumApp;
			sourceTree = "<group>";
		};
		630403982B60BFE200948EBA /* Preview Content */ = {
			isa = PBXGroup;
			children = (
				630403992B60BFE200948EBA /* Preview Assets.xcassets */,
			);
			path = "Preview Content";
			sourceTree = "<group>";
		};
		630403A22B60BFE200948EBA /* ScrumAppTests */ = {
			isa = PBXGroup;
			children = (
				630403A32B60BFE200948EBA /* ScrumAppTests.swift */,
			);
			path = ScrumAppTests;
			sourceTree = "<group>";
		};
		630403AC2B60BFE200948EBA /* ScrumAppUITests */ = {
			isa = PBXGroup;
			children = (
				630403AD2B60BFE200948EBA /* ScrumAppUITests.swift */,
				630403AF2B60BFE200948EBA /* ScrumAppUITestsLaunchTests.swift */,
			);
			path = ScrumAppUITests;
			sourceTree = "<group>";
		};
		630403BC2B60C38E00948EBA /* Models */ = {
			isa = PBXGroup;
			children = (
				630403BD2B60C3BC00948EBA /* Theme.swift */,
				630403BF2B60C40000948EBA /* DailyScrum.swift */,
			);
			path = Models;
			sourceTree = "<group>";
		};
/* End PBXGroup section */

/* Begin PBXNativeTarget section */
		6304038C2B60BFDF00948EBA /* ScrumApp */ = {
			isa = PBXNativeTarget;
			buildConfigurationList = 630403B32B60BFE200948EBA /* Build configuration list for PBXNativeTarget "ScrumApp" */;
			buildPhases = (
				630403892B60BFDF00948EBA /* Sources */,
				6304038A2B60BFDF00948EBA /* Frameworks */,
				6304038B2B60BFDF00948EBA /* Resources */,
			);
			buildRules = (
			);
			dependencies = (
			);
			name = ScrumApp;
			productName = ScrumApp;
			productReference = 6304038D2B60BFDF00948EBA /* ScrumApp.app */;
			productType = "com.apple.product-type.application";
		};
		6304039E2B60BFE200948EBA /* ScrumAppTests */ = {
			isa = PBXNativeTarget;
			buildConfigurationList = 630403B62B60BFE200948EBA /* Build configuration list for PBXNativeTarget "ScrumAppTests" */;
			buildPhases = (
				6304039B2B60BFE200948EBA /* Sources */,
				6304039C2B60BFE200948EBA /* Frameworks */,
				6304039D2B60BFE200948EBA /* Resources */,
			);
			buildRules = (
			);
			dependencies = (
				630403A12B60BFE200948EBA /* PBXTargetDependency */,
			);
			name = ScrumAppTests;
			productName = ScrumAppTests;
			productReference = 6304039F2B60BFE200948EBA /* ScrumAppTests.xctest */;
			productType = "com.apple.product-type.bundle.unit-test";
		};
		630403A82B60BFE200948EBA /* ScrumAppUITests */ = {
			isa = PBXNativeTarget;
			buildConfigurationList = 630403B92B60BFE200948EBA /* Build configuration list for PBXNativeTarget "ScrumAppUITests" */;
			buildPhases = (
				630403A52B60BFE200948EBA /* Sources */,
				630403A62B60BFE200948EBA /* Frameworks */,
				630403A72B60BFE200948EBA /* Resources */,
			);
			buildRules = (
			);
			dependencies = (
				630403AB2B60BFE200948EBA /* PBXTargetDependency */,
			);
			name = ScrumAppUITests;
			productName = ScrumAppUITests;
			productReference = 630403A92B60BFE200948EBA /* ScrumAppUITests.xctest */;
			productType = "com.apple.product-type.bundle.ui-testing";
		};
/* End PBXNativeTarget section */

/* Begin PBXProject section */
		630403852B60BFDF00948EBA /* Project object */ = {
			isa = PBXProject;
			attributes = {
				BuildIndependentTargetsInParallel = 1;
				LastSwiftUpdateCheck = 1520;
				LastUpgradeCheck = 1520;
				TargetAttributes = {
					6304038C2B60BFDF00948EBA = {
						CreatedOnToolsVersion = 15.2;
					};
					6304039E2B60BFE200948EBA = {
						CreatedOnToolsVersion = 15.2;
						TestTargetID = 6304038C2B60BFDF00948EBA;
					};
					630403A82B60BFE200948EBA = {
						CreatedOnToolsVersion = 15.2;
						TestTargetID = 6304038C2B60BFDF00948EBA;
					};
				};
			};
			buildConfigurationList = 630403882B60BFDF00948EBA /* Build configuration list for PBXProject "ScrumApp" */;
			compatibilityVersion = "Xcode 14.0";
			developmentRegion = en;
			hasScannedForEncodings = 0;
			knownRegions = (
				en,
				Base,
			);
			mainGroup = 630403842B60BFDF00948EBA;
			productRefGroup = 6304038E2B60BFDF00948EBA /* Products */;
			projectDirPath = "";
			projectRoot = "";
			targets = (
				6304038C2B60BFDF00948EBA /* ScrumApp */,
				6304039E2B60BFE200948EBA /* ScrumAppTests */,
				630403A82B60BFE200948EBA /* ScrumAppUITests */,
			);
		};
/* End PBXProject section */

/* Begin PBXResourcesBuildPhase section */
		6304038B2B60BFDF00948EBA /* Resources */ = {
			isa = PBXResourcesBuildPhase;
			buildActionMask = 2147483647;
			files = (
				6304039A2B60BFE200948EBA /* Preview Assets.xcassets in Resources */,
				630403972B60BFE200948EBA /* Assets.xcassets in Resources */,
			);
			runOnlyForDeploymentPostprocessing = 0;
		};
		6304039D2B60BFE200948EBA /* Resources */ = {
			isa = PBXResourcesBuildPhase;
			buildActionMask = 2147483647;
			files = (
			);
			runOnlyForDeploymentPostprocessing = 0;
		};
		630403A72B60BFE200948EBA /* Resources */ = {
			isa = PBXResourcesBuildPhase;
			buildActionMask = 2147483647;
			files = (
			);
			runOnlyForDeploymentPostprocessing = 0;
		};
/* End PBXResourcesBuildPhase section */

/* Begin PBXSourcesBuildPhase section */
		630403892B60BFDF00948EBA /* Sources */ = {
			isa = PBXSourcesBuildPhase;
			buildActionMask = 2147483647;
			files = (
				630403C02B60C40000948EBA /* DailyScrum.swift in Sources */,
				630403CC2B60E05000948EBA /* ThemeView.swift in Sources */,
				630403C82B60CD2900948EBA /* DetailView.swift in Sources */,
				630403932B60BFDF00948EBA /* MeetingView.swift in Sources */,
				630403BE2B60C3BC00948EBA /* Theme.swift in Sources */,
				630403C62B60C81B00948EBA /* ScrumsView.swift in Sources */,
				630403952B60BFDF00948EBA /* Item.swift in Sources */,
				630403C22B60C44100948EBA /* CardView.swift in Sources */,
				630403CA2B60D96200948EBA /* DetailEditView.swift in Sources */,
				630403CE2B60E10E00948EBA /* ThemePicker.swift in Sources */,
				630403912B60BFDF00948EBA /* ScrumAppApp.swift in Sources */,
				630403C42B60C6C400948EBA /* TrailingIconLabelStyle.swift in Sources */,
			);
			runOnlyForDeploymentPostprocessing = 0;
		};
		6304039B2B60BFE200948EBA /* Sources */ = {
			isa = PBXSourcesBuildPhase;
			buildActionMask = 2147483647;
			files = (
				630403A42B60BFE200948EBA /* ScrumAppTests.swift in Sources */,
			);
			runOnlyForDeploymentPostprocessing = 0;
		};
		630403A52B60BFE200948EBA /* Sources */ = {
			isa = PBXSourcesBuildPhase;
			buildActionMask = 2147483647;
			files = (
				630403B02B60BFE200948EBA /* ScrumAppUITestsLaunchTests.swift in Sources */,
				630403AE2B60BFE200948EBA /* ScrumAppUITests.swift in Sources */,
			);
			runOnlyForDeploymentPostprocessing = 0;
		};
/* End PBXSourcesBuildPhase section */

/* Begin PBXTargetDependency section */
		630403A12B60BFE200948EBA /* PBXTargetDependency */ = {
			isa = PBXTargetDependency;
			target = 6304038C2B60BFDF00948EBA /* ScrumApp */;
			targetProxy = 630403A02B60BFE200948EBA /* PBXContainerItemProxy */;
		};
		630403AB2B60BFE200948EBA /* PBXTargetDependency */ = {
			isa = PBXTargetDependency;
			target = 6304038C2B60BFDF00948EBA /* ScrumApp */;
			targetProxy = 630403AA2B60BFE200948EBA /* PBXContainerItemProxy */;
		};
/* End PBXTargetDependency section */

/* Begin XCBuildConfiguration section */
		630403B12B60BFE200948EBA /* Debug */ = {
			isa = XCBuildConfiguration;
			buildSettings = {
				ALWAYS_SEARCH_USER_PATHS = NO;
				ASSETCATALOG_COMPILER_GENERATE_SWIFT_ASSET_SYMBOL_EXTENSIONS = YES;
				CLANG_ANALYZER_NONNULL = YES;
				CLANG_ANALYZER_NUMBER_OBJECT_CONVERSION = YES_AGGRESSIVE;
				CLANG_CXX_LANGUAGE_STANDARD = "gnu++20";
				CLANG_ENABLE_MODULES = YES;
				CLANG_ENABLE_OBJC_ARC = YES;
				CLANG_ENABLE_OBJC_WEAK = YES;
				CLANG_WARN_BLOCK_CAPTURE_AUTORELEASING = YES;
				CLANG_WARN_BOOL_CONVERSION = YES;
				CLANG_WARN_COMMA = YES;
				CLANG_WARN_CONSTANT_CONVERSION = YES;
				CLANG_WARN_DEPRECATED_OBJC_IMPLEMENTATIONS = YES;
				CLANG_WARN_DIRECT_OBJC_ISA_USAGE = YES_ERROR;
				CLANG_WARN_DOCUMENTATION_COMMENTS = YES;
				CLANG_WARN_EMPTY_BODY = YES;
				CLANG_WARN_ENUM_CONVERSION = YES;
				CLANG_WARN_INFINITE_RECURSION = YES;
				CLANG_WARN_INT_CONVERSION = YES;
				CLANG_WARN_NON_LITERAL_NULL_CONVERSION = YES;
				CLANG_WARN_OBJC_IMPLICIT_RETAIN_SELF = YES;
				CLANG_WARN_OBJC_LITERAL_CONVERSION = YES;
				CLANG_WARN_OBJC_ROOT_CLASS = YES_ERROR;
				CLANG_WARN_QUOTED_INCLUDE_IN_FRAMEWORK_HEADER = YES;
				CLANG_WARN_RANGE_LOOP_ANALYSIS = YES;
				CLANG_WARN_STRICT_PROTOTYPES = YES;
				CLANG_WARN_SUSPICIOUS_MOVE = YES;
				CLANG_WARN_UNGUARDED_AVAILABILITY = YES_AGGRESSIVE;
				CLANG_WARN_UNREACHABLE_CODE = YES;
				CLANG_WARN__DUPLICATE_METHOD_MATCH = YES;
				COPY_PHASE_STRIP = NO;
				DEBUG_INFORMATION_FORMAT = dwarf;
				ENABLE_STRICT_OBJC_MSGSEND = YES;
				ENABLE_TESTABILITY = YES;
				ENABLE_USER_SCRIPT_SANDBOXING = YES;
				GCC_C_LANGUAGE_STANDARD = gnu17;
				GCC_DYNAMIC_NO_PIC = NO;
				GCC_NO_COMMON_BLOCKS = YES;
				GCC_OPTIMIZATION_LEVEL = 0;
				GCC_PREPROCESSOR_DEFINITIONS = (
					"DEBUG=1",
					"$(inherited)",
				);
				GCC_WARN_64_TO_32_BIT_CONVERSION = YES;
				GCC_WARN_ABOUT_RETURN_TYPE = YES_ERROR;
				GCC_WARN_UNDECLARED_SELECTOR = YES;
				GCC_WARN_UNINITIALIZED_AUTOS = YES_AGGRESSIVE;
				GCC_WARN_UNUSED_FUNCTION = YES;
				GCC_WARN_UNUSED_VARIABLE = YES;
				IPHONEOS_DEPLOYMENT_TARGET = 17.2;
				LOCALIZATION_PREFERS_STRING_CATALOGS = YES;
				MTL_ENABLE_DEBUG_INFO = INCLUDE_SOURCE;
				MTL_FAST_MATH = YES;
				ONLY_ACTIVE_ARCH = YES;
				SDKROOT = iphoneos;
				SWIFT_ACTIVE_COMPILATION_CONDITIONS = "DEBUG $(inherited)";
				SWIFT_OPTIMIZATION_LEVEL = "-Onone";
			};
			name = Debug;
		};
		630403B22B60BFE200948EBA /* Release */ = {
			isa = XCBuildConfiguration;
			buildSettings = {
				ALWAYS_SEARCH_USER_PATHS = NO;
				ASSETCATALOG_COMPILER_GENERATE_SWIFT_ASSET_SYMBOL_EXTENSIONS = YES;
				CLANG_ANALYZER_NONNULL = YES;
				CLANG_ANALYZER_NUMBER_OBJECT_CONVERSION = YES_AGGRESSIVE;
				CLANG_CXX_LANGUAGE_STANDARD = "gnu++20";
				CLANG_ENABLE_MODULES = YES;
				CLANG_ENABLE_OBJC_ARC = YES;
				CLANG_ENABLE_OBJC_WEAK = YES;
				CLANG_WARN_BLOCK_CAPTURE_AUTORELEASING = YES;
				CLANG_WARN_BOOL_CONVERSION = YES;
				CLANG_WARN_COMMA = YES;
				CLANG_WARN_CONSTANT_CONVERSION = YES;
				CLANG_WARN_DEPRECATED_OBJC_IMPLEMENTATIONS = YES;
				CLANG_WARN_DIRECT_OBJC_ISA_USAGE = YES_ERROR;
				CLANG_WARN_DOCUMENTATION_COMMENTS = YES;
				CLANG_WARN_EMPTY_BODY = YES;
				CLANG_WARN_ENUM_CONVERSION = YES;
				CLANG_WARN_INFINITE_RECURSION = YES;
				CLANG_WARN_INT_CONVERSION = YES;
				CLANG_WARN_NON_LITERAL_NULL_CONVERSION = YES;
				CLANG_WARN_OBJC_IMPLICIT_RETAIN_SELF = YES;
				CLANG_WARN_OBJC_LITERAL_CONVERSION = YES;
				CLANG_WARN_OBJC_ROOT_CLASS = YES_ERROR;
				CLANG_WARN_QUOTED_INCLUDE_IN_FRAMEWORK_HEADER = YES;
				CLANG_WARN_RANGE_LOOP_ANALYSIS = YES;
				CLANG_WARN_STRICT_PROTOTYPES = YES;
				CLANG_WARN_SUSPICIOUS_MOVE = YES;
				CLANG_WARN_UNGUARDED_AVAILABILITY = YES_AGGRESSIVE;
				CLANG_WARN_UNREACHABLE_CODE = YES;
				CLANG_WARN__DUPLICATE_METHOD_MATCH = YES;
				COPY_PHASE_STRIP = NO;
				DEBUG_INFORMATION_FORMAT = "dwarf-with-dsym";
				ENABLE_NS_ASSERTIONS = NO;
				ENABLE_STRICT_OBJC_MSGSEND = YES;
				ENABLE_USER_SCRIPT_SANDBOXING = YES;
				GCC_C_LANGUAGE_STANDARD = gnu17;
				GCC_NO_COMMON_BLOCKS = YES;
				GCC_WARN_64_TO_32_BIT_CONVERSION = YES;
				GCC_WARN_ABOUT_RETURN_TYPE = YES_ERROR;
				GCC_WARN_UNDECLARED_SELECTOR = YES;
				GCC_WARN_UNINITIALIZED_AUTOS = YES_AGGRESSIVE;
				GCC_WARN_UNUSED_FUNCTION = YES;
				GCC_WARN_UNUSED_VARIABLE = YES;
				IPHONEOS_DEPLOYMENT_TARGET = 17.2;
				LOCALIZATION_PREFERS_STRING_CATALOGS = YES;
				MTL_ENABLE_DEBUG_INFO = NO;
				MTL_FAST_MATH = YES;
				SDKROOT = iphoneos;
				SWIFT_COMPILATION_MODE = wholemodule;
				VALIDATE_PRODUCT = YES;
			};
			name = Release;
		};
		630403B42B60BFE200948EBA /* Debug */ = {
			isa = XCBuildConfiguration;
			buildSettings = {
				ASSETCATALOG_COMPILER_APPICON_NAME = AppIcon;
				ASSETCATALOG_COMPILER_GLOBAL_ACCENT_COLOR_NAME = AccentColor;
				CODE_SIGN_STYLE = Automatic;
				CURRENT_PROJECT_VERSION = 1;
				DEVELOPMENT_ASSET_PATHS = "\"ScrumApp/Preview Content\"";
				DEVELOPMENT_TEAM = U6CEKQ63QG;
				ENABLE_PREVIEWS = YES;
				GENERATE_INFOPLIST_FILE = YES;
				INFOPLIST_KEY_UIApplicationSceneManifest_Generation = YES;
				INFOPLIST_KEY_UIApplicationSupportsIndirectInputEvents = YES;
				INFOPLIST_KEY_UILaunchScreen_Generation = YES;
				INFOPLIST_KEY_UISupportedInterfaceOrientations_iPad = "UIInterfaceOrientationPortrait UIInterfaceOrientationPortraitUpsideDown UIInterfaceOrientationLandscapeLeft UIInterfaceOrientationLandscapeRight";
				INFOPLIST_KEY_UISupportedInterfaceOrientations_iPhone = "UIInterfaceOrientationPortrait UIInterfaceOrientationLandscapeLeft UIInterfaceOrientationLandscapeRight";
				LD_RUNPATH_SEARCH_PATHS = (
					"$(inherited)",
					"@executable_path/Frameworks",
				);
				MARKETING_VERSION = 1.0;
				PRODUCT_BUNDLE_IDENTIFIER = scrumapp.dev.ccayres.ScrumApp;
				PRODUCT_NAME = "$(TARGET_NAME)";
				SWIFT_EMIT_LOC_STRINGS = YES;
				SWIFT_VERSION = 5.0;
				TARGETED_DEVICE_FAMILY = "1,2";
			};
			name = Debug;
		};
		630403B52B60BFE200948EBA /* Release */ = {
			isa = XCBuildConfiguration;
			buildSettings = {
				ASSETCATALOG_COMPILER_APPICON_NAME = AppIcon;
				ASSETCATALOG_COMPILER_GLOBAL_ACCENT_COLOR_NAME = AccentColor;
				CODE_SIGN_STYLE = Automatic;
				CURRENT_PROJECT_VERSION = 1;
				DEVELOPMENT_ASSET_PATHS = "\"ScrumApp/Preview Content\"";
				DEVELOPMENT_TEAM = U6CEKQ63QG;
				ENABLE_PREVIEWS = YES;
				GENERATE_INFOPLIST_FILE = YES;
				INFOPLIST_KEY_UIApplicationSceneManifest_Generation = YES;
				INFOPLIST_KEY_UIApplicationSupportsIndirectInputEvents = YES;
				INFOPLIST_KEY_UILaunchScreen_Generation = YES;
				INFOPLIST_KEY_UISupportedInterfaceOrientations_iPad = "UIInterfaceOrientationPortrait UIInterfaceOrientationPortraitUpsideDown UIInterfaceOrientationLandscapeLeft UIInterfaceOrientationLandscapeRight";
				INFOPLIST_KEY_UISupportedInterfaceOrientations_iPhone = "UIInterfaceOrientationPortrait UIInterfaceOrientationLandscapeLeft UIInterfaceOrientationLandscapeRight";
				LD_RUNPATH_SEARCH_PATHS = (
					"$(inherited)",
					"@executable_path/Frameworks",
				);
				MARKETING_VERSION = 1.0;
				PRODUCT_BUNDLE_IDENTIFIER = scrumapp.dev.ccayres.ScrumApp;
				PRODUCT_NAME = "$(TARGET_NAME)";
				SWIFT_EMIT_LOC_STRINGS = YES;
				SWIFT_VERSION = 5.0;
				TARGETED_DEVICE_FAMILY = "1,2";
			};
			name = Release;
		};
		630403B72B60BFE200948EBA /* Debug */ = {
			isa = XCBuildConfiguration;
			buildSettings = {
				ALWAYS_EMBED_SWIFT_STANDARD_LIBRARIES = YES;
				BUNDLE_LOADER = "$(TEST_HOST)";
				CODE_SIGN_STYLE = Automatic;
				CURRENT_PROJECT_VERSION = 1;
				DEVELOPMENT_TEAM = U6CEKQ63QG;
				GENERATE_INFOPLIST_FILE = YES;
				IPHONEOS_DEPLOYMENT_TARGET = 17.2;
				MARKETING_VERSION = 1.0;
				PRODUCT_BUNDLE_IDENTIFIER = scrumapp.dev.ccayres.ScrumAppTests;
				PRODUCT_NAME = "$(TARGET_NAME)";
				SWIFT_EMIT_LOC_STRINGS = NO;
				SWIFT_VERSION = 5.0;
				TARGETED_DEVICE_FAMILY = "1,2";
				TEST_HOST = "$(BUILT_PRODUCTS_DIR)/ScrumApp.app/$(BUNDLE_EXECUTABLE_FOLDER_PATH)/ScrumApp";
			};
			name = Debug;
		};
		630403B82B60BFE200948EBA /* Release */ = {
			isa = XCBuildConfiguration;
			buildSettings = {
				ALWAYS_EMBED_SWIFT_STANDARD_LIBRARIES = YES;
				BUNDLE_LOADER = "$(TEST_HOST)";
				CODE_SIGN_STYLE = Automatic;
				CURRENT_PROJECT_VERSION = 1;
				DEVELOPMENT_TEAM = U6CEKQ63QG;
				GENERATE_INFOPLIST_FILE = YES;
				IPHONEOS_DEPLOYMENT_TARGET = 17.2;
				MARKETING_VERSION = 1.0;
				PRODUCT_BUNDLE_IDENTIFIER = scrumapp.dev.ccayres.ScrumAppTests;
				PRODUCT_NAME = "$(TARGET_NAME)";
				SWIFT_EMIT_LOC_STRINGS = NO;
				SWIFT_VERSION = 5.0;
				TARGETED_DEVICE_FAMILY = "1,2";
				TEST_HOST = "$(BUILT_PRODUCTS_DIR)/ScrumApp.app/$(BUNDLE_EXECUTABLE_FOLDER_PATH)/ScrumApp";
			};
			name = Release;
		};
		630403BA2B60BFE200948EBA /* Debug */ = {
			isa = XCBuildConfiguration;
			buildSettings = {
				ALWAYS_EMBED_SWIFT_STANDARD_LIBRARIES = YES;
				CODE_SIGN_STYLE = Automatic;
				CURRENT_PROJECT_VERSION = 1;
				DEVELOPMENT_TEAM = U6CEKQ63QG;
				GENERATE_INFOPLIST_FILE = YES;
				MARKETING_VERSION = 1.0;
				PRODUCT_BUNDLE_IDENTIFIER = scrumapp.dev.ccayres.ScrumAppUITests;
				PRODUCT_NAME = "$(TARGET_NAME)";
				SWIFT_EMIT_LOC_STRINGS = NO;
				SWIFT_VERSION = 5.0;
				TARGETED_DEVICE_FAMILY = "1,2";
				TEST_TARGET_NAME = ScrumApp;
			};
			name = Debug;
		};
		630403BB2B60BFE200948EBA /* Release */ = {
			isa = XCBuildConfiguration;
			buildSettings = {
				ALWAYS_EMBED_SWIFT_STANDARD_LIBRARIES = YES;
				CODE_SIGN_STYLE = Automatic;
				CURRENT_PROJECT_VERSION = 1;
				DEVELOPMENT_TEAM = U6CEKQ63QG;
				GENERATE_INFOPLIST_FILE = YES;
				MARKETING_VERSION = 1.0;
				PRODUCT_BUNDLE_IDENTIFIER = scrumapp.dev.ccayres.ScrumAppUITests;
				PRODUCT_NAME = "$(TARGET_NAME)";
				SWIFT_EMIT_LOC_STRINGS = NO;
				SWIFT_VERSION = 5.0;
				TARGETED_DEVICE_FAMILY = "1,2";
				TEST_TARGET_NAME = ScrumApp;
			};
			name = Release;
		};
/* End XCBuildConfiguration section */

/* Begin XCConfigurationList section */
		630403882B60BFDF00948EBA /* Build configuration list for PBXProject "ScrumApp" */ = {
			isa = XCConfigurationList;
			buildConfigurations = (
				630403B12B60BFE200948EBA /* Debug */,
				630403B22B60BFE200948EBA /* Release */,
			);
			defaultConfigurationIsVisible = 0;
			defaultConfigurationName = Release;
		};
		630403B32B60BFE200948EBA /* Build configuration list for PBXNativeTarget "ScrumApp" */ = {
			isa = XCConfigurationList;
			buildConfigurations = (
				630403B42B60BFE200948EBA /* Debug */,
				630403B52B60BFE200948EBA /* Release */,
			);
			defaultConfigurationIsVisible = 0;
			defaultConfigurationName = Release;
		};
		630403B62B60BFE200948EBA /* Build configuration list for PBXNativeTarget "ScrumAppTests" */ = {
			isa = XCConfigurationList;
			buildConfigurations = (
				630403B72B60BFE200948EBA /* Debug */,
				630403B82B60BFE200948EBA /* Release */,
			);
			defaultConfigurationIsVisible = 0;
			defaultConfigurationName = Release;
		};
		630403B92B60BFE200948EBA /* Build configuration list for PBXNativeTarget "ScrumAppUITests" */ = {
			isa = XCConfigurationList;
			buildConfigurations = (
				630403BA2B60BFE200948EBA /* Debug */,
				630403BB2B60BFE200948EBA /* Release */,
			);
			defaultConfigurationIsVisible = 0;
			defaultConfigurationName = Release;
		};
/* End XCConfigurationList section */
	};
	rootObject = 630403852B60BFDF00948EBA /* Project object */;
}
